
Microsoft Visual Studio Solution File, Format Version 12.00
Project("{FAE04EC0-301F-11D3-BF4B-00C04F79EFBC}") = "CancellationTokens", "CancellationTokens.csproj", "{EB4EE54E-312F-40BC-A130-7FE41CD6EA25}"
EndProject
Global
	GlobalSection(SolutionConfigurationPlatforms) = preSolution
		Debug|Any CPU = Debug|Any CPU
		Release|Any CPU = Release|Any CPU
	EndGlobalSection
	GlobalSection(ProjectConfigurationPlatforms) = postSolution
		{EB4EE54E-312F-40BC-A130-7FE41CD6EA25}.Debug|Any CPU.ActiveCfg = Debug|Any CPU
		{EB4EE54E-312F-40BC-A130-7FE41CD6EA25}.Debug|Any CPU.Build.0 = Debug|Any CPU
		{EB4EE54E-312F-40BC-A130-7FE41CD6EA25}.Release|Any CPU.ActiveCfg = Release|Any CPU
		{EB4EE54E-312F-40BC-A130-7FE41CD6EA25}.Release|Any CPU.Build.0 = Release|Any CPU
	EndGlobalSection
EndGlobal
